// !$*UTF8*$!
{
	archiveVersion = 1;
	classes = {
	};
	objectVersion = 50;
	objects = {

/* Begin PBXBuildFile section */
		E32F71632221A4AF001E702A /* AppDelegate.swift in Sources */ = {isa = PBXBuildFile; fileRef = E32F71622221A4AF001E702A /* AppDelegate.swift */; };
		E32F71652221A4AF001E702A /* ViewController.swift in Sources */ = {isa = PBXBuildFile; fileRef = E32F71642221A4AF001E702A /* ViewController.swift */; };
		E32F71682221A4AF001E702A /* Main.storyboard in Resources */ = {isa = PBXBuildFile; fileRef = E32F71662221A4AF001E702A /* Main.storyboard */; };
		E32F716A2221A4B1001E702A /* Assets.xcassets in Resources */ = {isa = PBXBuildFile; fileRef = E32F71692221A4B1001E702A /* Assets.xcassets */; };
		E32F716D2221A4B1001E702A /* LaunchScreen.storyboard in Resources */ = {isa = PBXBuildFile; fileRef = E32F716B2221A4B1001E702A /* LaunchScreen.storyboard */; };
		E32F71762221A5FD001E702A /* MazeGenerator.swift in Sources */ = {isa = PBXBuildFile; fileRef = E32F71752221A5FD001E702A /* MazeGenerator.swift */; };
		E32F71782221A85E001E702A /* RoomNode.swift in Sources */ = {isa = PBXBuildFile; fileRef = E32F71772221A85E001E702A /* RoomNode.swift */; };
		E32F717B2221A964001E702A /* Array+init.swift in Sources */ = {isa = PBXBuildFile; fileRef = E32F717A2221A964001E702A /* Array+init.swift */; };
		E32F717D2221B0BF001E702A /* RoomGraph.swift in Sources */ = {isa = PBXBuildFile; fileRef = E32F717C2221B0BF001E702A /* RoomGraph.swift */; };
		E32F71812221B884001E702A /* RelativePositionEnum.swift in Sources */ = {isa = PBXBuildFile; fileRef = E32F71802221B884001E702A /* RelativePositionEnum.swift */; };
		E32F71832221F39C001E702A /* Stack.swift in Sources */ = {isa = PBXBuildFile; fileRef = E32F71822221F39C001E702A /* Stack.swift */; };
/* End PBXBuildFile section */

/* Begin PBXFileReference section */
		E32F715F2221A4AF001E702A /* ProceduralGenerationBasics.app */ = {isa = PBXFileReference; explicitFileType = wrapper.application; includeInIndex = 0; path = ProceduralGenerationBasics.app; sourceTree = BUILT_PRODUCTS_DIR; };
		E32F71622221A4AF001E702A /* AppDelegate.swift */ = {isa = PBXFileReference; lastKnownFileType = sourcecode.swift; path = AppDelegate.swift; sourceTree = "<group>"; };
		E32F71642221A4AF001E702A /* ViewController.swift */ = {isa = PBXFileReference; lastKnownFileType = sourcecode.swift; path = ViewController.swift; sourceTree = "<group>"; };
		E32F71672221A4AF001E702A /* Base */ = {isa = PBXFileReference; lastKnownFileType = file.storyboard; name = Base; path = Base.lproj/Main.storyboard; sourceTree = "<group>"; };
		E32F71692221A4B1001E702A /* Assets.xcassets */ = {isa = PBXFileReference; lastKnownFileType = folder.assetcatalog; path = Assets.xcassets; sourceTree = "<group>"; };
		E32F716C2221A4B1001E702A /* Base */ = {isa = PBXFileReference; lastKnownFileType = file.storyboard; name = Base; path = Base.lproj/LaunchScreen.storyboard; sourceTree = "<group>"; };
		E32F716E2221A4B1001E702A /* Info.plist */ = {isa = PBXFileReference; lastKnownFileType = text.plist.xml; path = Info.plist; sourceTree = "<group>"; };
		E32F71752221A5FD001E702A /* MazeGenerator.swift */ = {isa = PBXFileReference; lastKnownFileType = sourcecode.swift; path = MazeGenerator.swift; sourceTree = "<group>"; };
		E32F71772221A85E001E702A /* RoomNode.swift */ = {isa = PBXFileReference; lastKnownFileType = sourcecode.swift; path = RoomNode.swift; sourceTree = "<group>"; };
		E32F717A2221A964001E702A /* Array+init.swift */ = {isa = PBXFileReference; lastKnownFileType = sourcecode.swift; path = "Array+init.swift"; sourceTree = "<group>"; };
		E32F717C2221B0BF001E702A /* RoomGraph.swift */ = {isa = PBXFileReference; lastKnownFileType = sourcecode.swift; path = RoomGraph.swift; sourceTree = "<group>"; };
		E32F71802221B884001E702A /* RelativePositionEnum.swift */ = {isa = PBXFileReference; lastKnownFileType = sourcecode.swift; path = RelativePositionEnum.swift; sourceTree = "<group>"; };
		E32F71822221F39C001E702A /* Stack.swift */ = {isa = PBXFileReference; lastKnownFileType = sourcecode.swift; path = Stack.swift; sourceTree = "<group>"; };
/* End PBXFileReference section */

/* Begin PBXFrameworksBuildPhase section */
		E32F715C2221A4AF001E702A /* Frameworks */ = {
			isa = PBXFrameworksBuildPhase;
			buildActionMask = 2147483647;
			files = (
			);
			runOnlyForDeploymentPostprocessing = 0;
		};
/* End PBXFrameworksBuildPhase section */

/* Begin PBXGroup section */
		E32F71562221A4AF001E702A = {
			isa = PBXGroup;
			children = (
				E32F71612221A4AF001E702A /* ProceduralGenerationBasics */,
				E32F71602221A4AF001E702A /* Products */,
			);
			sourceTree = "<group>";
		};
		E32F71602221A4AF001E702A /* Products */ = {
			isa = PBXGroup;
			children = (
				E32F715F2221A4AF001E702A /* ProceduralGenerationBasics.app */,
			);
			name = Products;
			sourceTree = "<group>";
		};
		E32F71612221A4AF001E702A /* ProceduralGenerationBasics */ = {
			isa = PBXGroup;
			children = (
				E32F71792221A955001E702A /* Extensions */,
				E32F71742221A527001E702A /* Models */,
				E32F71622221A4AF001E702A /* AppDelegate.swift */,
				E32F71642221A4AF001E702A /* ViewController.swift */,
				E32F71662221A4AF001E702A /* Main.storyboard */,
				E32F71692221A4B1001E702A /* Assets.xcassets */,
				E32F716B2221A4B1001E702A /* LaunchScreen.storyboard */,
				E32F716E2221A4B1001E702A /* Info.plist */,
			);
			path = ProceduralGenerationBasics;
			sourceTree = "<group>";
		};
		E32F71742221A527001E702A /* Models */ = {
			isa = PBXGroup;
			children = (
				E32F71752221A5FD001E702A /* MazeGenerator.swift */,
				E32F71772221A85E001E702A /* RoomNode.swift */,
				E32F717C2221B0BF001E702A /* RoomGraph.swift */,
				E32F71802221B884001E702A /* RelativePositionEnum.swift */,
				E32F71822221F39C001E702A /* Stack.swift */,
			);
			path = Models;
			sourceTree = "<group>";
		};
		E32F71792221A955001E702A /* Extensions */ = {
			isa = PBXGroup;
			children = (
				E32F717A2221A964001E702A /* Array+init.swift */,
			);
			path = Extensions;
			sourceTree = "<group>";
		};
/* End PBXGroup section */

/* Begin PBXNativeTarget section */
		E32F715E2221A4AF001E702A /* ProceduralGenerationBasics */ = {
			isa = PBXNativeTarget;
			buildConfigurationList = E32F71712221A4B1001E702A /* Build configuration list for PBXNativeTarget "ProceduralGenerationBasics" */;
			buildPhases = (
				E32F715B2221A4AF001E702A /* Sources */,
				E32F715C2221A4AF001E702A /* Frameworks */,
				E32F715D2221A4AF001E702A /* Resources */,
			);
			buildRules = (
			);
			dependencies = (
			);
			name = ProceduralGenerationBasics;
			productName = ProceduralGenerationBasics;
			productReference = E32F715F2221A4AF001E702A /* ProceduralGenerationBasics.app */;
			productType = "com.apple.product-type.application";
		};
/* End PBXNativeTarget section */

/* Begin PBXProject section */
		E32F71572221A4AF001E702A /* Project object */ = {
			isa = PBXProject;
			attributes = {
				LastSwiftUpdateCheck = 1010;
				LastUpgradeCheck = 1010;
				ORGANIZATIONNAME = "Elias Paulino";
				TargetAttributes = {
					E32F715E2221A4AF001E702A = {
						CreatedOnToolsVersion = 10.1;
					};
				};
			};
			buildConfigurationList = E32F715A2221A4AF001E702A /* Build configuration list for PBXProject "ProceduralGenerationBasics" */;
			compatibilityVersion = "Xcode 9.3";
			developmentRegion = en;
			hasScannedForEncodings = 0;
			knownRegions = (
				en,
				Base,
			);
			mainGroup = E32F71562221A4AF001E702A;
			productRefGroup = E32F71602221A4AF001E702A /* Products */;
			projectDirPath = "";
			projectRoot = "";
			targets = (
				E32F715E2221A4AF001E702A /* ProceduralGenerationBasics */,
			);
		};
/* End PBXProject section */

/* Begin PBXResourcesBuildPhase section */
		E32F715D2221A4AF001E702A /* Resources */ = {
			isa = PBXResourcesBuildPhase;
			buildActionMask = 2147483647;
			files = (
				E32F716D2221A4B1001E702A /* LaunchScreen.storyboard in Resources */,
				E32F716A2221A4B1001E702A /* Assets.xcassets in Resources */,
				E32F71682221A4AF001E702A /* Main.storyboard in Resources */,
			);
			runOnlyForDeploymentPostprocessing = 0;
		};
/* End PBXResourcesBuildPhase section */

/* Begin PBXSourcesBuildPhase section */
		E32F715B2221A4AF001E702A /* Sources */ = {
			isa = PBXSourcesBuildPhase;
			buildActionMask = 2147483647;
			files = (
				E32F71762221A5FD001E702A /* MazeGenerator.swift in Sources */,
				E32F71832221F39C001E702A /* Stack.swift in Sources */,
				E32F717D2221B0BF001E702A /* RoomGraph.swift in Sources */,
				E32F71652221A4AF001E702A /* ViewController.swift in Sources */,
				E32F71632221A4AF001E702A /* AppDelegate.swift in Sources */,
				E32F71812221B884001E702A /* RelativePositionEnum.swift in Sources */,
				E32F71782221A85E001E702A /* RoomNode.swift in Sources */,
				E32F717B2221A964001E702A /* Array+init.swift in Sources */,
			);
			runOnlyForDeploymentPostprocessing = 0;
		};
/* End PBXSourcesBuildPhase section */

/* Begin PBXVariantGroup section */
		E32F71662221A4AF001E702A /* Main.storyboard */ = {
			isa = PBXVariantGroup;
			children = (
				E32F71672221A4AF001E702A /* Base */,
			);
			name = Main.storyboard;
			sourceTree = "<group>";
		};
		E32F716B2221A4B1001E702A /* LaunchScreen.storyboard */ = {
			isa = PBXVariantGroup;
			children = (
				E32F716C2221A4B1001E702A /* Base */,
			);
			name = LaunchScreen.storyboard;
			sourceTree = "<group>";
		};
/* End PBXVariantGroup section */

/* Begin XCBuildConfiguration section */
		E32F716F2221A4B1001E702A /* Debug */ = {
			isa = XCBuildConfiguration;
			buildSettings = {
				ALWAYS_SEARCH_USER_PATHS = NO;
				CLANG_ANALYZER_NONNULL = YES;
				CLANG_ANALYZER_NUMBER_OBJECT_CONVERSION = YES_AGGRESSIVE;
				CLANG_CXX_LANGUAGE_STANDARD = "gnu++14";
				CLANG_CXX_LIBRARY = "libc++";
				CLANG_ENABLE_MODULES = YES;
				CLANG_ENABLE_OBJC_ARC = YES;
				CLANG_ENABLE_OBJC_WEAK = YES;
				CLANG_WARN_BLOCK_CAPTURE_AUTORELEASING = YES;
				CLANG_WARN_BOOL_CONVERSION = YES;
				CLANG_WARN_COMMA = YES;
				CLANG_WARN_CONSTANT_CONVERSION = YES;
				CLANG_WARN_DEPRECATED_OBJC_IMPLEMENTATIONS = YES;
				CLANG_WARN_DIRECT_OBJC_ISA_USAGE = YES_ERROR;
				CLANG_WARN_DOCUMENTATION_COMMENTS = YES;
				CLANG_WARN_EMPTY_BODY = YES;
				CLANG_WARN_ENUM_CONVERSION = YES;
				CLANG_WARN_INFINITE_RECURSION = YES;
				CLANG_WARN_INT_CONVERSION = YES;
				CLANG_WARN_NON_LITERAL_NULL_CONVERSION = YES;
				CLANG_WARN_OBJC_IMPLICIT_RETAIN_SELF = YES;
				CLANG_WARN_OBJC_LITERAL_CONVERSION = YES;
				CLANG_WARN_OBJC_ROOT_CLASS = YES_ERROR;
				CLANG_WARN_RANGE_LOOP_ANALYSIS = YES;
				CLANG_WARN_STRICT_PROTOTYPES = YES;
				CLANG_WARN_SUSPICIOUS_MOVE = YES;
				CLANG_WARN_UNGUARDED_AVAILABILITY = YES_AGGRESSIVE;
				CLANG_WARN_UNREACHABLE_CODE = YES;
				CLANG_WARN__DUPLICATE_METHOD_MATCH = YES;
				CODE_SIGN_IDENTITY = "iPhone Developer";
				COPY_PHASE_STRIP = NO;
				DEBUG_INFORMATION_FORMAT = dwarf;
				ENABLE_STRICT_OBJC_MSGSEND = YES;
				ENABLE_TESTABILITY = YES;
				GCC_C_LANGUAGE_STANDARD = gnu11;
				GCC_DYNAMIC_NO_PIC = NO;
				GCC_NO_COMMON_BLOCKS = YES;
				GCC_OPTIMIZATION_LEVEL = 0;
				GCC_PREPROCESSOR_DEFINITIONS = (
					"DEBUG=1",
					"$(inherited)",
				);
				GCC_WARN_64_TO_32_BIT_CONVERSION = YES;
				GCC_WARN_ABOUT_RETURN_TYPE = YES_ERROR;
				GCC_WARN_UNDECLARED_SELECTOR = YES;
				GCC_WARN_UNINITIALIZED_AUTOS = YES_AGGRESSIVE;
				GCC_WARN_UNUSED_FUNCTION = YES;
				GCC_WARN_UNUSED_VARIABLE = YES;
				IPHONEOS_DEPLOYMENT_TARGET = 12.1;
				MTL_ENABLE_DEBUG_INFO = INCLUDE_SOURCE;
				MTL_FAST_MATH = YES;
				ONLY_ACTIVE_ARCH = YES;
				SDKROOT = iphoneos;
				SWIFT_ACTIVE_COMPILATION_CONDITIONS = DEBUG;
				SWIFT_OPTIMIZATION_LEVEL = "-Onone";
			};
			name = Debug;
		};
		E32F71702221A4B1001E702A /* Release */ = {
			isa = XCBuildConfiguration;
			buildSettings = {
				ALWAYS_SEARCH_USER_PATHS = NO;
				CLANG_ANALYZER_NONNULL = YES;
				CLANG_ANALYZER_NUMBER_OBJECT_CONVERSION = YES_AGGRESSIVE;
				CLANG_CXX_LANGUAGE_STANDARD = "gnu++14";
				CLANG_CXX_LIBRARY = "libc++";
				CLANG_ENABLE_MODULES = YES;
				CLANG_ENABLE_OBJC_ARC = YES;
				CLANG_ENABLE_OBJC_WEAK = YES;
				CLANG_WARN_BLOCK_CAPTURE_AUTORELEASING = YES;
				CLANG_WARN_BOOL_CONVERSION = YES;
				CLANG_WARN_COMMA = YES;
				CLANG_WARN_CONSTANT_CONVERSION = YES;
				CLANG_WARN_DEPRECATED_OBJC_IMPLEMENTATIONS = YES;
				CLANG_WARN_DIRECT_OBJC_ISA_USAGE = YES_ERROR;
				CLANG_WARN_DOCUMENTATION_COMMENTS = YES;
				CLANG_WARN_EMPTY_BODY = YES;
				CLANG_WARN_ENUM_CONVERSION = YES;
				CLANG_WARN_INFINITE_RECURSION = YES;
				CLANG_WARN_INT_CONVERSION = YES;
				CLANG_WARN_NON_LITERAL_NULL_CONVERSION = YES;
				CLANG_WARN_OBJC_IMPLICIT_RETAIN_SELF = YES;
				CLANG_WARN_OBJC_LITERAL_CONVERSION = YES;
				CLANG_WARN_OBJC_ROOT_CLASS = YES_ERROR;
				CLANG_WARN_RANGE_LOOP_ANALYSIS = YES;
				CLANG_WARN_STRICT_PROTOTYPES = YES;
				CLANG_WARN_SUSPICIOUS_MOVE = YES;
				CLANG_WARN_UNGUARDED_AVAILABILITY = YES_AGGRESSIVE;
				CLANG_WARN_UNREACHABLE_CODE = YES;
				CLANG_WARN__DUPLICATE_METHOD_MATCH = YES;
				CODE_SIGN_IDENTITY = "iPhone Developer";
				COPY_PHASE_STRIP = NO;
				DEBUG_INFORMATION_FORMAT = "dwarf-with-dsym";
				ENABLE_NS_ASSERTIONS = NO;
				ENABLE_STRICT_OBJC_MSGSEND = YES;
				GCC_C_LANGUAGE_STANDARD = gnu11;
				GCC_NO_COMMON_BLOCKS = YES;
				GCC_WARN_64_TO_32_BIT_CONVERSION = YES;
				GCC_WARN_ABOUT_RETURN_TYPE = YES_ERROR;
				GCC_WARN_UNDECLARED_SELECTOR = YES;
				GCC_WARN_UNINITIALIZED_AUTOS = YES_AGGRESSIVE;
				GCC_WARN_UNUSED_FUNCTION = YES;
				GCC_WARN_UNUSED_VARIABLE = YES;
				IPHONEOS_DEPLOYMENT_TARGET = 12.1;
				MTL_ENABLE_DEBUG_INFO = NO;
				MTL_FAST_MATH = YES;
				SDKROOT = iphoneos;
				SWIFT_COMPILATION_MODE = wholemodule;
				SWIFT_OPTIMIZATION_LEVEL = "-O";
				VALIDATE_PRODUCT = YES;
			};
			name = Release;
		};
		E32F71722221A4B1001E702A /* Debug */ = {
			isa = XCBuildConfiguration;
			buildSettings = {
				ASSETCATALOG_COMPILER_APPICON_NAME = AppIcon;
				CODE_SIGN_STYLE = Automatic;
				DEVELOPMENT_TEAM = Z8P97P3QB4;
				INFOPLIST_FILE = ProceduralGenerationBasics/Info.plist;
				LD_RUNPATH_SEARCH_PATHS = (
					"$(inherited)",
					"@executable_path/Frameworks",
				);
				PRODUCT_BUNDLE_IDENTIFIER = paulino.elias.ProceduralGenerationBasics;
				PRODUCT_NAME = "$(TARGET_NAME)";
				SWIFT_VERSION = 4.2;
				TARGETED_DEVICE_FAMILY = "1,2";
			};
			name = Debug;
		};
		E32F71732221A4B1001E702A /* Release */ = {
			isa = XCBuildConfiguration;
			buildSettings = {
				ASSETCATALOG_COMPILER_APPICON_NAME = AppIcon;
				CODE_SIGN_STYLE = Automatic;
				DEVELOPMENT_TEAM = Z8P97P3QB4;
				INFOPLIST_FILE = ProceduralGenerationBasics/Info.plist;
				LD_RUNPATH_SEARCH_PATHS = (
					"$(inherited)",
					"@executable_path/Frameworks",
				);
				PRODUCT_BUNDLE_IDENTIFIER = paulino.elias.ProceduralGenerationBasics;
				PRODUCT_NAME = "$(TARGET_NAME)";
				SWIFT_VERSION = 4.2;
				TARGETED_DEVICE_FAMILY = "1,2";
			};
			name = Release;
		};
/* End XCBuildConfiguration section */

/* Begin XCConfigurationList section */
		E32F715A2221A4AF001E702A /* Build configuration list for PBXProject "ProceduralGenerationBasics" */ = {
			isa = XCConfigurationList;
			buildConfigurations = (
				E32F716F2221A4B1001E702A /* Debug */,
				E32F71702221A4B1001E702A /* Release */,
			);
			defaultConfigurationIsVisible = 0;
			defaultConfigurationName = Release;
		};
		E32F71712221A4B1001E702A /* Build configuration list for PBXNativeTarget "ProceduralGenerationBasics" */ = {
			isa = XCConfigurationList;
			buildConfigurations = (
				E32F71722221A4B1001E702A /* Debug */,
				E32F71732221A4B1001E702A /* Release */,
			);
			defaultConfigurationIsVisible = 0;
			defaultConfigurationName = Release;
		};
/* End XCConfigurationList section */
	};
	rootObject = E32F71572221A4AF001E702A /* Project object */;
}
